
Microsoft Visual Studio Solution File, Format Version 12.00
# Visual Studio 15
VisualStudioVersion = 15.0.28307.421
MinimumVisualStudioVersion = 10.0.40219.1
Project("{2150E333-8FDC-42A3-9474-1A3956D46DE8}") = "1_thirdparty_webm", "1_thirdparty_webm", "{898F289C-9973-43F4-9ECD-FF4A84C455F2}"
EndProject
Project("{8BC9CEB8-8B4A-11D0-8D11-00A0C91BC942}") = "libwebm", "thirdparty\webm-1.1.0\libwebm.vcxproj", "{DCE19DAF-69AC-46DB-B14A-39F0FAA5DB74}"
EndProject
Project("{8BC9CEB8-8B4A-11D0-8D11-00A0C91BC942}") = "webm", "thirdparty\webm-1.1.0\webm.vcxproj", "{4BC69DF9-C39F-4B24-9302-B6BAE69A4D95}"
EndProject
Project("{2150E333-8FDC-42A3-9474-1A3956D46DE8}") = "0_thirdparty_nasm", "0_thirdparty_nasm", "{786C1175-F4FA-4E20-BB80-688C6650862F}"
EndProject
Project("{8BC9CEB8-8B4A-11D0-8D11-00A0C91BC942}") = "ldrdf", "thirdparty\nasm-2.14\module\ldrdf\ldrdf.vcxproj", "{DE878A6F-F711-4DC6-9721-2E3199E219E9}"
	ProjectSection(ProjectDependencies) = postProject
		{8451C090-8076-44F8-B12E-2B2BF1A9EDFD} = {8451C090-8076-44F8-B12E-2B2BF1A9EDFD}
		{801A2ECF-8330-41E9-8479-02DD9399E062} = {801A2ECF-8330-41E9-8479-02DD9399E062}
	EndProjectSection
EndProject
Project("{8BC9CEB8-8B4A-11D0-8D11-00A0C91BC942}") = "nasm", "thirdparty\nasm-2.14\module\nasm\nasm.vcxproj", "{D48FED68-8AD7-4C40-A97F-58E064BE4F7C}"
	ProjectSection(ProjectDependencies) = postProject
		{8451C090-8076-44F8-B12E-2B2BF1A9EDFD} = {8451C090-8076-44F8-B12E-2B2BF1A9EDFD}
		{801A2ECF-8330-41E9-8479-02DD9399E062} = {801A2ECF-8330-41E9-8479-02DD9399E062}
	EndProjectSection
EndProject
Project("{8BC9CEB8-8B4A-11D0-8D11-00A0C91BC942}") = "ndisasm", "thirdparty\nasm-2.14\module\ndisasm\ndisasm.vcxproj", "{2A2C597D-5CF0-4056-8E65-0123DEDD131C}"
	ProjectSection(ProjectDependencies) = postProject
		{8451C090-8076-44F8-B12E-2B2BF1A9EDFD} = {8451C090-8076-44F8-B12E-2B2BF1A9EDFD}
		{801A2ECF-8330-41E9-8479-02DD9399E062} = {801A2ECF-8330-41E9-8479-02DD9399E062}
	EndProjectSection
EndProject
Project("{8BC9CEB8-8B4A-11D0-8D11-00A0C91BC942}") = "rdf2bin", "thirdparty\nasm-2.14\module\rdf2bin\rdf2bin.vcxproj", "{69F5EAC1-18B6-4E5C-886C-34A09B00F051}"
	ProjectSection(ProjectDependencies) = postProject
		{8451C090-8076-44F8-B12E-2B2BF1A9EDFD} = {8451C090-8076-44F8-B12E-2B2BF1A9EDFD}
		{801A2ECF-8330-41E9-8479-02DD9399E062} = {801A2ECF-8330-41E9-8479-02DD9399E062}
	EndProjectSection
EndProject
Project("{8BC9CEB8-8B4A-11D0-8D11-00A0C91BC942}") = "rdfdump", "thirdparty\nasm-2.14\module\rdfdump\rdfdump.vcxproj", "{007FB877-9C4E-4861-B53E-51279DD31049}"
	ProjectSection(ProjectDependencies) = postProject
		{8451C090-8076-44F8-B12E-2B2BF1A9EDFD} = {8451C090-8076-44F8-B12E-2B2BF1A9EDFD}
		{801A2ECF-8330-41E9-8479-02DD9399E062} = {801A2ECF-8330-41E9-8479-02DD9399E062}
	EndProjectSection
EndProject
Project("{8BC9CEB8-8B4A-11D0-8D11-00A0C91BC942}") = "rdflib", "thirdparty\nasm-2.14\module\rdflib\rdflib.vcxproj", "{9CCDE624-FEEE-4746-B0B6-6E3C9F84EB9A}"
	ProjectSection(ProjectDependencies) = postProject
		{8451C090-8076-44F8-B12E-2B2BF1A9EDFD} = {8451C090-8076-44F8-B12E-2B2BF1A9EDFD}
		{801A2ECF-8330-41E9-8479-02DD9399E062} = {801A2ECF-8330-41E9-8479-02DD9399E062}
	EndProjectSection
EndProject
Project("{8BC9CEB8-8B4A-11D0-8D11-00A0C91BC942}") = "rdx", "thirdparty\nasm-2.14\module\rdx\rdx.vcxproj", "{35370169-0178-4EEC-B80D-11372136C6A2}"
	ProjectSection(ProjectDependencies) = postProject
		{8451C090-8076-44F8-B12E-2B2BF1A9EDFD} = {8451C090-8076-44F8-B12E-2B2BF1A9EDFD}
		{801A2ECF-8330-41E9-8479-02DD9399E062} = {801A2ECF-8330-41E9-8479-02DD9399E062}
	EndProjectSection
EndProject
Project("{8BC9CEB8-8B4A-11D0-8D11-00A0C91BC942}") = "rdlar", "thirdparty\nasm-2.14\module\rdlar\rdlar.vcxproj", "{67ACD092-B969-4AEB-81C3-04A888D85359}"
	ProjectSection(ProjectDependencies) = postProject
		{8451C090-8076-44F8-B12E-2B2BF1A9EDFD} = {8451C090-8076-44F8-B12E-2B2BF1A9EDFD}
		{801A2ECF-8330-41E9-8479-02DD9399E062} = {801A2ECF-8330-41E9-8479-02DD9399E062}
	EndProjectSection
EndProject
Project("{8BC9CEB8-8B4A-11D0-8D11-00A0C91BC942}") = "librdoff", "thirdparty\nasm-2.14\src\rdoff\librdoff.vcxproj", "{8451C090-8076-44F8-B12E-2B2BF1A9EDFD}"
EndProject
Project("{8BC9CEB8-8B4A-11D0-8D11-00A0C91BC942}") = "libnasm", "thirdparty\nasm-2.14\src\libnasm.vcxproj", "{801A2ECF-8330-41E9-8479-02DD9399E062}"
EndProject
Project("{2150E333-8FDC-42A3-9474-1A3956D46DE8}") = "0_lib", "0_lib", "{41475442-75A5-4A0E-9144-F96CE70CCB13}"
EndProject
Project("{2150E333-8FDC-42A3-9474-1A3956D46DE8}") = "1_exe", "1_exe", "{9B303F6E-BC3E-4AF5-86E8-78AD30918238}"
EndProject
Project("{2150E333-8FDC-42A3-9474-1A3956D46DE8}") = "0_thirdpart", "0_thirdpart", "{9D3401C3-E4E7-4C79-8140-F80C635F6865}"
EndProject
Global
	GlobalSection(SolutionConfigurationPlatforms) = preSolution
		Debug|x64 = Debug|x64
		Release|x64 = Release|x64
	EndGlobalSection
	GlobalSection(ProjectConfigurationPlatforms) = postSolution
		{DCE19DAF-69AC-46DB-B14A-39F0FAA5DB74}.Debug|x64.ActiveCfg = Debug|x64
		{DCE19DAF-69AC-46DB-B14A-39F0FAA5DB74}.Debug|x64.Build.0 = Debug|x64
		{DCE19DAF-69AC-46DB-B14A-39F0FAA5DB74}.Release|x64.ActiveCfg = Release|x64
		{DCE19DAF-69AC-46DB-B14A-39F0FAA5DB74}.Release|x64.Build.0 = Release|x64
		{4BC69DF9-C39F-4B24-9302-B6BAE69A4D95}.Debug|x64.ActiveCfg = Debug|x64
		{4BC69DF9-C39F-4B24-9302-B6BAE69A4D95}.Debug|x64.Build.0 = Debug|x64
		{4BC69DF9-C39F-4B24-9302-B6BAE69A4D95}.Release|x64.ActiveCfg = Release|x64
		{4BC69DF9-C39F-4B24-9302-B6BAE69A4D95}.Release|x64.Build.0 = Release|x64
		{DE878A6F-F711-4DC6-9721-2E3199E219E9}.Debug|x64.ActiveCfg = Debug|x64
		{DE878A6F-F711-4DC6-9721-2E3199E219E9}.Debug|x64.Build.0 = Debug|x64
		{DE878A6F-F711-4DC6-9721-2E3199E219E9}.Release|x64.ActiveCfg = Release|x64
		{DE878A6F-F711-4DC6-9721-2E3199E219E9}.Release|x64.Build.0 = Release|x64
		{D48FED68-8AD7-4C40-A97F-58E064BE4F7C}.Debug|x64.ActiveCfg = Debug|x64
		{D48FED68-8AD7-4C40-A97F-58E064BE4F7C}.Debug|x64.Build.0 = Debug|x64
		{D48FED68-8AD7-4C40-A97F-58E064BE4F7C}.Release|x64.ActiveCfg = Release|x64
		{D48FED68-8AD7-4C40-A97F-58E064BE4F7C}.Release|x64.Build.0 = Release|x64
		{2A2C597D-5CF0-4056-8E65-0123DEDD131C}.Debug|x64.ActiveCfg = Debug|x64
		{2A2C597D-5CF0-4056-8E65-0123DEDD131C}.Debug|x64.Build.0 = Debug|x64
		{2A2C597D-5CF0-4056-8E65-0123DEDD131C}.Release|x64.ActiveCfg = Release|x64
		{2A2C597D-5CF0-4056-8E65-0123DEDD131C}.Release|x64.Build.0 = Release|x64
		{69F5EAC1-18B6-4E5C-886C-34A09B00F051}.Debug|x64.ActiveCfg = Debug|x64
		{69F5EAC1-18B6-4E5C-886C-34A09B00F051}.Debug|x64.Build.0 = Debug|x64
		{69F5EAC1-18B6-4E5C-886C-34A09B00F051}.Release|x64.ActiveCfg = Release|x64
		{69F5EAC1-18B6-4E5C-886C-34A09B00F051}.Release|x64.Build.0 = Release|x64
		{007FB877-9C4E-4861-B53E-51279DD31049}.Debug|x64.ActiveCfg = Debug|x64
		{007FB877-9C4E-4861-B53E-51279DD31049}.Debug|x64.Build.0 = Debug|x64
		{007FB877-9C4E-4861-B53E-51279DD31049}.Release|x64.ActiveCfg = Release|x64
		{007FB877-9C4E-4861-B53E-51279DD31049}.Release|x64.Build.0 = Release|x64
		{9CCDE624-FEEE-4746-B0B6-6E3C9F84EB9A}.Debug|x64.ActiveCfg = Debug|x64
		{9CCDE624-FEEE-4746-B0B6-6E3C9F84EB9A}.Debug|x64.Build.0 = Debug|x64
		{9CCDE624-FEEE-4746-B0B6-6E3C9F84EB9A}.Release|x64.ActiveCfg = Release|x64
		{9CCDE624-FEEE-4746-B0B6-6E3C9F84EB9A}.Release|x64.Build.0 = Release|x64
		{35370169-0178-4EEC-B80D-11372136C6A2}.Debug|x64.ActiveCfg = Debug|x64
		{35370169-0178-4EEC-B80D-11372136C6A2}.Debug|x64.Build.0 = Debug|x64
		{35370169-0178-4EEC-B80D-11372136C6A2}.Release|x64.ActiveCfg = Release|x64
		{35370169-0178-4EEC-B80D-11372136C6A2}.Release|x64.Build.0 = Release|x64
		{67ACD092-B969-4AEB-81C3-04A888D85359}.Debug|x64.ActiveCfg = Debug|x64
		{67ACD092-B969-4AEB-81C3-04A888D85359}.Debug|x64.Build.0 = Debug|x64
		{67ACD092-B969-4AEB-81C3-04A888D85359}.Release|x64.ActiveCfg = Release|x64
		{67ACD092-B969-4AEB-81C3-04A888D85359}.Release|x64.Build.0 = Release|x64
		{8451C090-8076-44F8-B12E-2B2BF1A9EDFD}.Debug|x64.ActiveCfg = Debug|x64
		{8451C090-8076-44F8-B12E-2B2BF1A9EDFD}.Debug|x64.Build.0 = Debug|x64
		{8451C090-8076-44F8-B12E-2B2BF1A9EDFD}.Release|x64.ActiveCfg = Release|x64
		{8451C090-8076-44F8-B12E-2B2BF1A9EDFD}.Release|x64.Build.0 = Release|x64
		{801A2ECF-8330-41E9-8479-02DD9399E062}.Debug|x64.ActiveCfg = Debug|x64
		{801A2ECF-8330-41E9-8479-02DD9399E062}.Debug|x64.Build.0 = Debug|x64
		{801A2ECF-8330-41E9-8479-02DD9399E062}.Release|x64.ActiveCfg = Release|x64
		{801A2ECF-8330-41E9-8479-02DD9399E062}.Release|x64.Build.0 = Release|x64
	EndGlobalSection
	GlobalSection(SolutionProperties) = preSolution
		HideSolutionNode = FALSE
	EndGlobalSection
	GlobalSection(NestedProjects) = preSolution
		{898F289C-9973-43F4-9ECD-FF4A84C455F2} = {9D3401C3-E4E7-4C79-8140-F80C635F6865}
		{DCE19DAF-69AC-46DB-B14A-39F0FAA5DB74} = {898F289C-9973-43F4-9ECD-FF4A84C455F2}
		{4BC69DF9-C39F-4B24-9302-B6BAE69A4D95} = {898F289C-9973-43F4-9ECD-FF4A84C455F2}
		{786C1175-F4FA-4E20-BB80-688C6650862F} = {9D3401C3-E4E7-4C79-8140-F80C635F6865}
		{DE878A6F-F711-4DC6-9721-2E3199E219E9} = {9B303F6E-BC3E-4AF5-86E8-78AD30918238}
		{D48FED68-8AD7-4C40-A97F-58E064BE4F7C} = {9B303F6E-BC3E-4AF5-86E8-78AD30918238}
		{2A2C597D-5CF0-4056-8E65-0123DEDD131C} = {9B303F6E-BC3E-4AF5-86E8-78AD30918238}
		{69F5EAC1-18B6-4E5C-886C-34A09B00F051} = {9B303F6E-BC3E-4AF5-86E8-78AD30918238}
		{007FB877-9C4E-4861-B53E-51279DD31049} = {9B303F6E-BC3E-4AF5-86E8-78AD30918238}
		{9CCDE624-FEEE-4746-B0B6-6E3C9F84EB9A} = {9B303F6E-BC3E-4AF5-86E8-78AD30918238}
		{35370169-0178-4EEC-B80D-11372136C6A2} = {9B303F6E-BC3E-4AF5-86E8-78AD30918238}
		{67ACD092-B969-4AEB-81C3-04A888D85359} = {9B303F6E-BC3E-4AF5-86E8-78AD30918238}
		{8451C090-8076-44F8-B12E-2B2BF1A9EDFD} = {41475442-75A5-4A0E-9144-F96CE70CCB13}
		{801A2ECF-8330-41E9-8479-02DD9399E062} = {41475442-75A5-4A0E-9144-F96CE70CCB13}
		{41475442-75A5-4A0E-9144-F96CE70CCB13} = {786C1175-F4FA-4E20-BB80-688C6650862F}
		{9B303F6E-BC3E-4AF5-86E8-78AD30918238} = {786C1175-F4FA-4E20-BB80-688C6650862F}
	EndGlobalSection
	GlobalSection(ExtensibilityGlobals) = postSolution
		SolutionGuid = {42F87DDD-BD50-4593-908F-723BB3454046}
	EndGlobalSection
EndGlobal
